download:
  cmd: python -m spacy run download
  script:
    - ./scripts/download_spacy_model.sh
  deps: []
  outs: []
  spacy_version: 3.1.0
  spacy_git_version: 530b5d72f
kb:
  cmd: python -m spacy run kb
  script:
    - python ./scripts/create_kb.py ./assets/entities.csv en_core_web_md ./temp/my_kb
      ./temp/my_nlp/
  deps:
    - path: assets/entities.csv
      md5: f24d983db0cd3d180a135bbbbb0d0b8a
  outs:
    - path: temp/my_kb
      md5: 65107bf5284d1ca51c264e8fad07e0af
    - path: temp/my_nlp
      md5: 2ad9fc049d46eede7fbd6c8113f0ccb0
    - path: scripts/create_kb.py
      md5: 6145d3e63a7cd9c08e5da46de97ee647
  spacy_version: 3.1.0
  spacy_git_version: 530b5d72f
corpus:
  cmd: python -m spacy run corpus
  script:
    - python ./scripts/create_corpus.py ./assets/emerson_annotated_text.jsonl ./temp/my_nlp/
      corpus/train.spacy corpus/dev.spacy
  deps:
    - path: assets/emerson_annotated_text.jsonl
      md5: 2863586d7b648536f84280648ab32490
  outs:
    - path: corpus/train.spacy
      md5: e1896cfe19791ab504887b95b3633866
    - path: corpus/dev.spacy
      md5: eea3ab62fd7402721680f7b13545152e
  spacy_version: 3.1.0
  spacy_git_version: 530b5d72f
train:
  cmd: python -m spacy run train
  script:
    - python -m spacy train configs/nlp_trf.cfg --output training/nlp_trf-2.0.0  --paths.train
      corpus/train.spacy --paths.dev corpus/dev.spacy -c components/custom_components.py
  deps:
    - path: corpus/train.spacy
      md5: 52c6854217aa0cf41af59f5acc43e915
    - path: corpus/dev.spacy
      md5: 7672fef6be54f1af901a0f8eb56be83f
    - path: corpus/test.spacy
      md5: 52d16c2b90f815fbc01be8edc2ce0e5c
  outs: []
  spacy_version: 3.2.0
  spacy_git_version: 0fc3dee77
convert_conllu:
  cmd: python -m spacy run convert_conllu
  script:
    - spacy convert assets/train.conllu corpus --converter conllu --n-sents 10
    - spacy convert assets/dev.conllu corpus --converter conllu --n-sents 10
  deps:
    - path: assets/train.conllu
      md5: 412fbcf072aab655b3496d74fd58e20d
    - path: assets/dev.conllu
      md5: db0d18de45294fd4f2583dcdfc2ca373
  outs:
    - path: corpus/train.spacy
      md5: 59767138a420ce47ee54bfaa29069fa9
    - path: corpus/dev.spacy
      md5: f336ba46f7b72135c7c5f5254907b6a2
  spacy_version: 3.2.0
  spacy_git_version: 0fc3dee77
debug:
  cmd: python -m spacy run debug
  script:
    - python -m spacy debug data configs/nlp_trf.cfg --paths.train corpus/train.spacy
      --paths.dev corpus/dev.spacy -c components/custom_components.py
  deps:
    - path: corpus/train.spacy
      md5: 52c6854217aa0cf41af59f5acc43e915
    - path: corpus/dev.spacy
      md5: 7672fef6be54f1af901a0f8eb56be83f
  outs: []
  spacy_version: 3.2.0
  spacy_git_version: 0fc3dee77
